
Microsoft Visual Studio Solution File, Format Version 12.00
# Visual Studio Version 17
VisualStudioVersion = 17.8.34330.188
MinimumVisualStudioVersion = 10.0.40219.1
Project("{FAE04EC0-301F-11D3-BF4B-00C04F79EFBC}") = "Pizza", "Pizza.csproj", "{9947F512-2CA5-45BA-AE5F-18DBE514A8F1}"
EndProject
Global
	GlobalSection(SolutionConfigurationPlatforms) = preSolution
		Debug|Any CPU = Debug|Any CPU
		Release|Any CPU = Release|Any CPU
	EndGlobalSection
	GlobalSection(ProjectConfigurationPlatforms) = postSolution
		{9947F512-2CA5-45BA-AE5F-18DBE514A8F1}.Debug|Any CPU.ActiveCfg = Debug|Any CPU
		{9947F512-2CA5-45BA-AE5F-18DBE514A8F1}.Debug|Any CPU.Build.0 = Debug|Any CPU
		{9947F512-2CA5-45BA-AE5F-18DBE514A8F1}.Release|Any CPU.ActiveCfg = Release|Any CPU
		{9947F512-2CA5-45BA-AE5F-18DBE514A8F1}.Release|Any CPU.Build.0 = Release|Any CPU
	EndGlobalSection
	GlobalSection(SolutionProperties) = preSolution
		HideSolutionNode = FALSE
	EndGlobalSection
	GlobalSection(ExtensibilityGlobals) = postSolution
		SolutionGuid = {1C9021CE-53B9-49C9-89FD-4F96C590CD88}
	EndGlobalSection
EndGlobal
